// !$*UTF8*$!
{
	archiveVersion = 1;
	classes = {
	};
	objectVersion = 46;
	objects = {

/* Begin PBXBuildFile section */
		D85B24A5164AB92F00750335 /* DMXDataController.m in Sources */ = {isa = PBXBuildFile; fileRef = D85B24A4164AB92F00750335 /* DMXDataController.m */; };
		D871D3071641DB37002F4776 /* DMXInstructionIType.m in Sources */ = {isa = PBXBuildFile; fileRef = D871D3061641DB37002F4776 /* DMXInstructionIType.m */; };
		D871D30B16431DD9002F4776 /* DMXInstructionJType.m in Sources */ = {isa = PBXBuildFile; fileRef = D871D30A16431DD9002F4776 /* DMXInstructionJType.m */; };
		D891B76E163E63CC00F239CA /* DMXInstructionRType.m in Sources */ = {isa = PBXBuildFile; fileRef = D891B76D163E63CC00F239CA /* DMXInstructionRType.m */; };
		D891B771163E642C00F239CA /* DMXRegister.m in Sources */ = {isa = PBXBuildFile; fileRef = D891B770163E642C00F239CA /* DMXRegister.m */; };
		D891B77D1640CB4E00F239CA /* DMXInstructionFetch.m in Sources */ = {isa = PBXBuildFile; fileRef = D891B77C1640CB4E00F239CA /* DMXInstructionFetch.m */; };
		D891B7801640CD6100F239CA /* DMXInstructionDecode.m in Sources */ = {isa = PBXBuildFile; fileRef = D891B77F1640CD6100F239CA /* DMXInstructionDecode.m */; };
		D891B7831640CDB300F239CA /* DMXExecute.m in Sources */ = {isa = PBXBuildFile; fileRef = D891B7821640CDB300F239CA /* DMXExecute.m */; };
		D891B7861640CDE200F239CA /* DMXMemoryAccess.m in Sources */ = {isa = PBXBuildFile; fileRef = D891B7851640CDE200F239CA /* DMXMemoryAccess.m */; };
		D891B7891640CDFD00F239CA /* DMXWriteBack.m in Sources */ = {isa = PBXBuildFile; fileRef = D891B7881640CDFD00F239CA /* DMXWriteBack.m */; };
		D8979A03162E106200D66702 /* Cocoa.framework in Frameworks */ = {isa = PBXBuildFile; fileRef = D8979A02162E106200D66702 /* Cocoa.framework */; };
		D8979A0D162E106200D66702 /* InfoPlist.strings in Resources */ = {isa = PBXBuildFile; fileRef = D8979A0B162E106200D66702 /* InfoPlist.strings */; };
		D8979A0F162E106200D66702 /* main.m in Sources */ = {isa = PBXBuildFile; fileRef = D8979A0E162E106200D66702 /* main.m */; };
		D8979A13162E106200D66702 /* Credits.rtf in Resources */ = {isa = PBXBuildFile; fileRef = D8979A11162E106200D66702 /* Credits.rtf */; };
		D8979A16162E106200D66702 /* ProcBuilderDocument.m in Sources */ = {isa = PBXBuildFile; fileRef = D8979A15162E106200D66702 /* ProcBuilderDocument.m */; };
		D8979A19162E106200D66702 /* ProcBuilderDocument.xib in Resources */ = {isa = PBXBuildFile; fileRef = D8979A17162E106200D66702 /* ProcBuilderDocument.xib */; };
		D8979A1C162E106200D66702 /* MainMenu.xib in Resources */ = {isa = PBXBuildFile; fileRef = D8979A1A162E106200D66702 /* MainMenu.xib */; };
		D8979A1F162E106200D66702 /* ProcBuilderDocument.xcdatamodeld in Sources */ = {isa = PBXBuildFile; fileRef = D8979A1D162E106200D66702 /* ProcBuilderDocument.xcdatamodeld */; };
		D8979A341630CAAA00D66702 /* DMXProcController.m in Sources */ = {isa = PBXBuildFile; fileRef = D8979A331630CAA900D66702 /* DMXProcController.m */; };
		D8979A3A163611C500D66702 /* DMXProgramController.m in Sources */ = {isa = PBXBuildFile; fileRef = D8979A39163611C500D66702 /* DMXProgramController.m */; };
		D8979A3D1637A9CB00D66702 /* DMXRegisterController.m in Sources */ = {isa = PBXBuildFile; fileRef = D8979A3C1637A9CB00D66702 /* DMXRegisterController.m */; };
		D8979A401638F7F200D66702 /* DMXInstruction.m in Sources */ = {isa = PBXBuildFile; fileRef = D8979A3F1638F7F200D66702 /* DMXInstruction.m */; };
		D8979A431638F8A100D66702 /* DMXStage.m in Sources */ = {isa = PBXBuildFile; fileRef = D8979A421638F8A100D66702 /* DMXStage.m */; };
		D8979A461638F91200D66702 /* DMXDatapath.m in Sources */ = {isa = PBXBuildFile; fileRef = D8979A451638F91200D66702 /* DMXDatapath.m */; };
/* End PBXBuildFile section */

/* Begin PBXFileReference section */
		D85B24A3164AB92F00750335 /* DMXDataController.h */ = {isa = PBXFileReference; fileEncoding = 4; lastKnownFileType = sourcecode.c.h; path = DMXDataController.h; sourceTree = "<group>"; };
		D85B24A4164AB92F00750335 /* DMXDataController.m */ = {isa = PBXFileReference; fileEncoding = 4; lastKnownFileType = sourcecode.c.objc; path = DMXDataController.m; sourceTree = "<group>"; };
		D871D3051641DB37002F4776 /* DMXInstructionIType.h */ = {isa = PBXFileReference; fileEncoding = 4; lastKnownFileType = sourcecode.c.h; path = DMXInstructionIType.h; sourceTree = "<group>"; };
		D871D3061641DB37002F4776 /* DMXInstructionIType.m */ = {isa = PBXFileReference; fileEncoding = 4; lastKnownFileType = sourcecode.c.objc; path = DMXInstructionIType.m; sourceTree = "<group>"; };
		D871D30916431DD8002F4776 /* DMXInstructionJType.h */ = {isa = PBXFileReference; fileEncoding = 4; lastKnownFileType = sourcecode.c.h; path = DMXInstructionJType.h; sourceTree = "<group>"; };
		D871D30A16431DD9002F4776 /* DMXInstructionJType.m */ = {isa = PBXFileReference; fileEncoding = 4; lastKnownFileType = sourcecode.c.objc; path = DMXInstructionJType.m; sourceTree = "<group>"; };
		D891B76C163E63CC00F239CA /* DMXInstructionRType.h */ = {isa = PBXFileReference; fileEncoding = 4; lastKnownFileType = sourcecode.c.h; path = DMXInstructionRType.h; sourceTree = "<group>"; };
		D891B76D163E63CC00F239CA /* DMXInstructionRType.m */ = {isa = PBXFileReference; fileEncoding = 4; lastKnownFileType = sourcecode.c.objc; path = DMXInstructionRType.m; sourceTree = "<group>"; };
		D891B76F163E642C00F239CA /* DMXRegister.h */ = {isa = PBXFileReference; fileEncoding = 4; lastKnownFileType = sourcecode.c.h; path = DMXRegister.h; sourceTree = "<group>"; };
		D891B770163E642C00F239CA /* DMXRegister.m */ = {isa = PBXFileReference; fileEncoding = 4; lastKnownFileType = sourcecode.c.objc; path = DMXRegister.m; sourceTree = "<group>"; };
		D891B77B1640CB4E00F239CA /* DMXInstructionFetch.h */ = {isa = PBXFileReference; fileEncoding = 4; lastKnownFileType = sourcecode.c.h; path = DMXInstructionFetch.h; sourceTree = "<group>"; };
		D891B77C1640CB4E00F239CA /* DMXInstructionFetch.m */ = {isa = PBXFileReference; fileEncoding = 4; lastKnownFileType = sourcecode.c.objc; path = DMXInstructionFetch.m; sourceTree = "<group>"; };
		D891B77E1640CD6100F239CA /* DMXInstructionDecode.h */ = {isa = PBXFileReference; fileEncoding = 4; lastKnownFileType = sourcecode.c.h; path = DMXInstructionDecode.h; sourceTree = "<group>"; };
		D891B77F1640CD6100F239CA /* DMXInstructionDecode.m */ = {isa = PBXFileReference; fileEncoding = 4; lastKnownFileType = sourcecode.c.objc; path = DMXInstructionDecode.m; sourceTree = "<group>"; };
		D891B7811640CDB300F239CA /* DMXExecute.h */ = {isa = PBXFileReference; fileEncoding = 4; lastKnownFileType = sourcecode.c.h; path = DMXExecute.h; sourceTree = "<group>"; };
		D891B7821640CDB300F239CA /* DMXExecute.m */ = {isa = PBXFileReference; fileEncoding = 4; lastKnownFileType = sourcecode.c.objc; path = DMXExecute.m; sourceTree = "<group>"; };
		D891B7841640CDE200F239CA /* DMXMemoryAccess.h */ = {isa = PBXFileReference; fileEncoding = 4; lastKnownFileType = sourcecode.c.h; path = DMXMemoryAccess.h; sourceTree = "<group>"; };
		D891B7851640CDE200F239CA /* DMXMemoryAccess.m */ = {isa = PBXFileReference; fileEncoding = 4; lastKnownFileType = sourcecode.c.objc; path = DMXMemoryAccess.m; sourceTree = "<group>"; };
		D891B7871640CDFD00F239CA /* DMXWriteBack.h */ = {isa = PBXFileReference; fileEncoding = 4; lastKnownFileType = sourcecode.c.h; path = DMXWriteBack.h; sourceTree = "<group>"; };
		D891B7881640CDFD00F239CA /* DMXWriteBack.m */ = {isa = PBXFileReference; fileEncoding = 4; lastKnownFileType = sourcecode.c.objc; path = DMXWriteBack.m; sourceTree = "<group>"; };
		D89799FE162E106200D66702 /* ProcBuilder.app */ = {isa = PBXFileReference; explicitFileType = wrapper.application; includeInIndex = 0; path = ProcBuilder.app; sourceTree = BUILT_PRODUCTS_DIR; };
		D8979A02162E106200D66702 /* Cocoa.framework */ = {isa = PBXFileReference; lastKnownFileType = wrapper.framework; name = Cocoa.framework; path = System/Library/Frameworks/Cocoa.framework; sourceTree = SDKROOT; };
		D8979A05162E106200D66702 /* AppKit.framework */ = {isa = PBXFileReference; lastKnownFileType = wrapper.framework; name = AppKit.framework; path = System/Library/Frameworks/AppKit.framework; sourceTree = SDKROOT; };
		D8979A06162E106200D66702 /* CoreData.framework */ = {isa = PBXFileReference; lastKnownFileType = wrapper.framework; name = CoreData.framework; path = System/Library/Frameworks/CoreData.framework; sourceTree = SDKROOT; };
		D8979A07162E106200D66702 /* Foundation.framework */ = {isa = PBXFileReference; lastKnownFileType = wrapper.framework; name = Foundation.framework; path = System/Library/Frameworks/Foundation.framework; sourceTree = SDKROOT; };
		D8979A0A162E106200D66702 /* ProcBuilder-Info.plist */ = {isa = PBXFileReference; lastKnownFileType = text.plist.xml; path = "ProcBuilder-Info.plist"; sourceTree = "<group>"; };
		D8979A0C162E106200D66702 /* en */ = {isa = PBXFileReference; lastKnownFileType = text.plist.strings; name = en; path = en.lproj/InfoPlist.strings; sourceTree = "<group>"; };
		D8979A0E162E106200D66702 /* main.m */ = {isa = PBXFileReference; lastKnownFileType = sourcecode.c.objc; path = main.m; sourceTree = "<group>"; };
		D8979A10162E106200D66702 /* ProcBuilder-Prefix.pch */ = {isa = PBXFileReference; lastKnownFileType = sourcecode.c.h; path = "ProcBuilder-Prefix.pch"; sourceTree = "<group>"; };
		D8979A12162E106200D66702 /* en */ = {isa = PBXFileReference; lastKnownFileType = text.rtf; name = en; path = en.lproj/Credits.rtf; sourceTree = "<group>"; };
		D8979A14162E106200D66702 /* ProcBuilderDocument.h */ = {isa = PBXFileReference; lastKnownFileType = sourcecode.c.h; path = ProcBuilderDocument.h; sourceTree = "<group>"; };
		D8979A15162E106200D66702 /* ProcBuilderDocument.m */ = {isa = PBXFileReference; lastKnownFileType = sourcecode.c.objc; path = ProcBuilderDocument.m; sourceTree = "<group>"; };
		D8979A18162E106200D66702 /* en */ = {isa = PBXFileReference; lastKnownFileType = file.xib; name = en; path = en.lproj/ProcBuilderDocument.xib; sourceTree = "<group>"; };
		D8979A1B162E106200D66702 /* en */ = {isa = PBXFileReference; lastKnownFileType = file.xib; name = en; path = en.lproj/MainMenu.xib; sourceTree = "<group>"; };
		D8979A1E162E106200D66702 /* ProcBuilderDocument.xcdatamodel */ = {isa = PBXFileReference; lastKnownFileType = wrapper.xcdatamodel; path = ProcBuilderDocument.xcdatamodel; sourceTree = "<group>"; };
		D8979A321630CAA900D66702 /* DMXProcController.h */ = {isa = PBXFileReference; fileEncoding = 4; lastKnownFileType = sourcecode.c.h; path = DMXProcController.h; sourceTree = "<group>"; };
		D8979A331630CAA900D66702 /* DMXProcController.m */ = {isa = PBXFileReference; fileEncoding = 4; lastKnownFileType = sourcecode.c.objc; path = DMXProcController.m; sourceTree = "<group>"; };
		D8979A38163611C500D66702 /* DMXProgramController.h */ = {isa = PBXFileReference; fileEncoding = 4; lastKnownFileType = sourcecode.c.h; path = DMXProgramController.h; sourceTree = "<group>"; };
		D8979A39163611C500D66702 /* DMXProgramController.m */ = {isa = PBXFileReference; fileEncoding = 4; lastKnownFileType = sourcecode.c.objc; path = DMXProgramController.m; sourceTree = "<group>"; };
		D8979A3B1637A9CB00D66702 /* DMXRegisterController.h */ = {isa = PBXFileReference; fileEncoding = 4; lastKnownFileType = sourcecode.c.h; path = DMXRegisterController.h; sourceTree = "<group>"; };
		D8979A3C1637A9CB00D66702 /* DMXRegisterController.m */ = {isa = PBXFileReference; fileEncoding = 4; lastKnownFileType = sourcecode.c.objc; path = DMXRegisterController.m; sourceTree = "<group>"; };
		D8979A3E1638F7F200D66702 /* DMXInstruction.h */ = {isa = PBXFileReference; fileEncoding = 4; lastKnownFileType = sourcecode.c.h; path = DMXInstruction.h; sourceTree = "<group>"; };
		D8979A3F1638F7F200D66702 /* DMXInstruction.m */ = {isa = PBXFileReference; fileEncoding = 4; lastKnownFileType = sourcecode.c.objc; path = DMXInstruction.m; sourceTree = "<group>"; };
		D8979A411638F8A100D66702 /* DMXStage.h */ = {isa = PBXFileReference; fileEncoding = 4; lastKnownFileType = sourcecode.c.h; path = DMXStage.h; sourceTree = "<group>"; };
		D8979A421638F8A100D66702 /* DMXStage.m */ = {isa = PBXFileReference; fileEncoding = 4; lastKnownFileType = sourcecode.c.objc; path = DMXStage.m; sourceTree = "<group>"; };
		D8979A441638F91100D66702 /* DMXDatapath.h */ = {isa = PBXFileReference; fileEncoding = 4; lastKnownFileType = sourcecode.c.h; path = DMXDatapath.h; sourceTree = "<group>"; };
		D8979A451638F91200D66702 /* DMXDatapath.m */ = {isa = PBXFileReference; fileEncoding = 4; lastKnownFileType = sourcecode.c.objc; path = DMXDatapath.m; sourceTree = "<group>"; };
/* End PBXFileReference section */

/* Begin PBXFrameworksBuildPhase section */
		D89799FB162E106200D66702 /* Frameworks */ = {
			isa = PBXFrameworksBuildPhase;
			buildActionMask = 2147483647;
			files = (
				D8979A03162E106200D66702 /* Cocoa.framework in Frameworks */,
			);
			runOnlyForDeploymentPostprocessing = 0;
		};
/* End PBXFrameworksBuildPhase section */

/* Begin PBXGroup section */
		D871D30C16432D75002F4776 /* Instructions */ = {
			isa = PBXGroup;
			children = (
				D8979A3E1638F7F200D66702 /* DMXInstruction.h */,
				D8979A3F1638F7F200D66702 /* DMXInstruction.m */,
				D891B76C163E63CC00F239CA /* DMXInstructionRType.h */,
				D891B76D163E63CC00F239CA /* DMXInstructionRType.m */,
				D871D3051641DB37002F4776 /* DMXInstructionIType.h */,
				D871D3061641DB37002F4776 /* DMXInstructionIType.m */,
				D871D30916431DD8002F4776 /* DMXInstructionJType.h */,
				D871D30A16431DD9002F4776 /* DMXInstructionJType.m */,
			);
			name = Instructions;
			sourceTree = "<group>";
		};
		D871D30D16432DD2002F4776 /* Datapath */ = {
			isa = PBXGroup;
			children = (
				D8979A411638F8A100D66702 /* DMXStage.h */,
				D8979A421638F8A100D66702 /* DMXStage.m */,
				D891B77B1640CB4E00F239CA /* DMXInstructionFetch.h */,
				D891B77C1640CB4E00F239CA /* DMXInstructionFetch.m */,
				D891B77E1640CD6100F239CA /* DMXInstructionDecode.h */,
				D891B77F1640CD6100F239CA /* DMXInstructionDecode.m */,
				D891B7811640CDB300F239CA /* DMXExecute.h */,
				D891B7821640CDB300F239CA /* DMXExecute.m */,
				D891B7841640CDE200F239CA /* DMXMemoryAccess.h */,
				D891B7851640CDE200F239CA /* DMXMemoryAccess.m */,
				D891B7871640CDFD00F239CA /* DMXWriteBack.h */,
				D891B7881640CDFD00F239CA /* DMXWriteBack.m */,
				D8979A441638F91100D66702 /* DMXDatapath.h */,
				D8979A451638F91200D66702 /* DMXDatapath.m */,
			);
			name = Datapath;
			sourceTree = "<group>";
		};
		D891B7791640C56100F239CA /* Processor */ = {
			isa = PBXGroup;
			children = (
				D871D30D16432DD2002F4776 /* Datapath */,
				D871D30C16432D75002F4776 /* Instructions */,
				D891B76F163E642C00F239CA /* DMXRegister.h */,
				D891B770163E642C00F239CA /* DMXRegister.m */,
			);
			name = Processor;
			sourceTree = "<group>";
		};
		D891B77A1640C6F600F239CA /* Control */ = {
			isa = PBXGroup;
			children = (
				D8979A321630CAA900D66702 /* DMXProcController.h */,
				D8979A331630CAA900D66702 /* DMXProcController.m */,
				D8979A38163611C500D66702 /* DMXProgramController.h */,
				D8979A39163611C500D66702 /* DMXProgramController.m */,
				D8979A3B1637A9CB00D66702 /* DMXRegisterController.h */,
				D8979A3C1637A9CB00D66702 /* DMXRegisterController.m */,
				D85B24A3164AB92F00750335 /* DMXDataController.h */,
				D85B24A4164AB92F00750335 /* DMXDataController.m */,
			);
			name = Control;
			sourceTree = "<group>";
		};
		D89799F3162E106200D66702 = {
			isa = PBXGroup;
			children = (
				D8979A08162E106200D66702 /* ProcBuilder */,
				D8979A01162E106200D66702 /* Frameworks */,
				D89799FF162E106200D66702 /* Products */,
			);
			sourceTree = "<group>";
		};
		D89799FF162E106200D66702 /* Products */ = {
			isa = PBXGroup;
			children = (
				D89799FE162E106200D66702 /* ProcBuilder.app */,
			);
			name = Products;
			sourceTree = "<group>";
		};
		D8979A01162E106200D66702 /* Frameworks */ = {
			isa = PBXGroup;
			children = (
				D8979A02162E106200D66702 /* Cocoa.framework */,
				D8979A04162E106200D66702 /* Other Frameworks */,
			);
			name = Frameworks;
			sourceTree = "<group>";
		};
		D8979A04162E106200D66702 /* Other Frameworks */ = {
			isa = PBXGroup;
			children = (
				D8979A05162E106200D66702 /* AppKit.framework */,
				D8979A06162E106200D66702 /* CoreData.framework */,
				D8979A07162E106200D66702 /* Foundation.framework */,
			);
			name = "Other Frameworks";
			sourceTree = "<group>";
		};
		D8979A08162E106200D66702 /* ProcBuilder */ = {
			isa = PBXGroup;
			children = (
				D891B77A1640C6F600F239CA /* Control */,
				D891B7791640C56100F239CA /* Processor */,
				D8979A14162E106200D66702 /* ProcBuilderDocument.h */,
				D8979A15162E106200D66702 /* ProcBuilderDocument.m */,
				D8979A17162E106200D66702 /* ProcBuilderDocument.xib */,
				D8979A1A162E106200D66702 /* MainMenu.xib */,
				D8979A1D162E106200D66702 /* ProcBuilderDocument.xcdatamodeld */,
				D8979A09162E106200D66702 /* Supporting Files */,
			);
			path = ProcBuilder;
			sourceTree = "<group>";
		};
		D8979A09162E106200D66702 /* Supporting Files */ = {
			isa = PBXGroup;
			children = (
				D8979A0A162E106200D66702 /* ProcBuilder-Info.plist */,
				D8979A0B162E106200D66702 /* InfoPlist.strings */,
				D8979A0E162E106200D66702 /* main.m */,
				D8979A10162E106200D66702 /* ProcBuilder-Prefix.pch */,
				D8979A11162E106200D66702 /* Credits.rtf */,
			);
			name = "Supporting Files";
			sourceTree = "<group>";
		};
/* End PBXGroup section */

/* Begin PBXNativeTarget section */
		D89799FD162E106200D66702 /* ProcBuilder */ = {
			isa = PBXNativeTarget;
			buildConfigurationList = D8979A22162E106200D66702 /* Build configuration list for PBXNativeTarget "ProcBuilder" */;
			buildPhases = (
				D89799FA162E106200D66702 /* Sources */,
				D89799FB162E106200D66702 /* Frameworks */,
				D89799FC162E106200D66702 /* Resources */,
			);
			buildRules = (
			);
			dependencies = (
			);
			name = ProcBuilder;
			productName = ProcBuilder;
			productReference = D89799FE162E106200D66702 /* ProcBuilder.app */;
			productType = "com.apple.product-type.application";
		};
/* End PBXNativeTarget section */

/* Begin PBXProject section */
		D89799F5162E106200D66702 /* Project object */ = {
			isa = PBXProject;
			attributes = {
				CLASSPREFIX = ProcBuilder;
				LastUpgradeCheck = 0450;
				ORGANIZATIONNAME = "Daniel Iparraguirre";
			};
			buildConfigurationList = D89799F8162E106200D66702 /* Build configuration list for PBXProject "ProcBuilder" */;
			compatibilityVersion = "Xcode 3.2";
			developmentRegion = English;
			hasScannedForEncodings = 0;
			knownRegions = (
				en,
			);
			mainGroup = D89799F3162E106200D66702;
			productRefGroup = D89799FF162E106200D66702 /* Products */;
			projectDirPath = "";
			projectRoot = "";
			targets = (
				D89799FD162E106200D66702 /* ProcBuilder */,
			);
		};
/* End PBXProject section */

/* Begin PBXResourcesBuildPhase section */
		D89799FC162E106200D66702 /* Resources */ = {
			isa = PBXResourcesBuildPhase;
			buildActionMask = 2147483647;
			files = (
				D8979A0D162E106200D66702 /* InfoPlist.strings in Resources */,
				D8979A13162E106200D66702 /* Credits.rtf in Resources */,
				D8979A19162E106200D66702 /* ProcBuilderDocument.xib in Resources */,
				D8979A1C162E106200D66702 /* MainMenu.xib in Resources */,
			);
			runOnlyForDeploymentPostprocessing = 0;
		};
/* End PBXResourcesBuildPhase section */

/* Begin PBXSourcesBuildPhase section */
		D89799FA162E106200D66702 /* Sources */ = {
			isa = PBXSourcesBuildPhase;
			buildActionMask = 2147483647;
			files = (
				D8979A0F162E106200D66702 /* main.m in Sources */,
				D8979A16162E106200D66702 /* ProcBuilderDocument.m in Sources */,
				D8979A1F162E106200D66702 /* ProcBuilderDocument.xcdatamodeld in Sources */,
				D8979A341630CAAA00D66702 /* DMXProcController.m in Sources */,
				D8979A3A163611C500D66702 /* DMXProgramController.m in Sources */,
				D8979A3D1637A9CB00D66702 /* DMXRegisterController.m in Sources */,
				D8979A401638F7F200D66702 /* DMXInstruction.m in Sources */,
				D8979A431638F8A100D66702 /* DMXStage.m in Sources */,
				D8979A461638F91200D66702 /* DMXDatapath.m in Sources */,
				D891B76E163E63CC00F239CA /* DMXInstructionRType.m in Sources */,
				D891B771163E642C00F239CA /* DMXRegister.m in Sources */,
				D891B77D1640CB4E00F239CA /* DMXInstructionFetch.m in Sources */,
				D891B7801640CD6100F239CA /* DMXInstructionDecode.m in Sources */,
				D891B7831640CDB300F239CA /* DMXExecute.m in Sources */,
				D891B7861640CDE200F239CA /* DMXMemoryAccess.m in Sources */,
				D891B7891640CDFD00F239CA /* DMXWriteBack.m in Sources */,
				D871D3071641DB37002F4776 /* DMXInstructionIType.m in Sources */,
				D871D30B16431DD9002F4776 /* DMXInstructionJType.m in Sources */,
				D85B24A5164AB92F00750335 /* DMXDataController.m in Sources */,
			);
			runOnlyForDeploymentPostprocessing = 0;
		};
/* End PBXSourcesBuildPhase section */

/* Begin PBXVariantGroup section */
		D8979A0B162E106200D66702 /* InfoPlist.strings */ = {
			isa = PBXVariantGroup;
			children = (
				D8979A0C162E106200D66702 /* en */,
			);
			name = InfoPlist.strings;
			sourceTree = "<group>";
		};
		D8979A11162E106200D66702 /* Credits.rtf */ = {
			isa = PBXVariantGroup;
			children = (
				D8979A12162E106200D66702 /* en */,
			);
			name = Credits.rtf;
			sourceTree = "<group>";
		};
		D8979A17162E106200D66702 /* ProcBuilderDocument.xib */ = {
			isa = PBXVariantGroup;
			children = (
				D8979A18162E106200D66702 /* en */,
			);
			name = ProcBuilderDocument.xib;
			sourceTree = "<group>";
		};
		D8979A1A162E106200D66702 /* MainMenu.xib */ = {
			isa = PBXVariantGroup;
			children = (
				D8979A1B162E106200D66702 /* en */,
			);
			name = MainMenu.xib;
			sourceTree = "<group>";
		};
/* End PBXVariantGroup section */

/* Begin XCBuildConfiguration section */
		D8979A20162E106200D66702 /* Debug */ = {
			isa = XCBuildConfiguration;
			buildSettings = {
				ALWAYS_SEARCH_USER_PATHS = NO;
				ARCHS = "$(ARCHS_STANDARD_64_BIT)";
				CLANG_CXX_LANGUAGE_STANDARD = "gnu++0x";
				CLANG_CXX_LIBRARY = "libc++";
				CLANG_ENABLE_OBJC_ARC = YES;
				CLANG_WARN_EMPTY_BODY = YES;
				CLANG_WARN__DUPLICATE_METHOD_MATCH = YES;
				COPY_PHASE_STRIP = NO;
				GCC_C_LANGUAGE_STANDARD = gnu99;
				GCC_DYNAMIC_NO_PIC = NO;
				GCC_ENABLE_OBJC_EXCEPTIONS = YES;
				GCC_OPTIMIZATION_LEVEL = 0;
				GCC_PREPROCESSOR_DEFINITIONS = (
					"DEBUG=1",
					"$(inherited)",
				);
				GCC_SYMBOLS_PRIVATE_EXTERN = NO;
				GCC_WARN_64_TO_32_BIT_CONVERSION = YES;
				GCC_WARN_ABOUT_RETURN_TYPE = YES;
				GCC_WARN_UNINITIALIZED_AUTOS = YES;
				GCC_WARN_UNUSED_VARIABLE = YES;
				MACOSX_DEPLOYMENT_TARGET = 10.8;
				ONLY_ACTIVE_ARCH = YES;
				SDKROOT = macosx;
			};
			name = Debug;
		};
		D8979A21162E106200D66702 /* Release */ = {
			isa = XCBuildConfiguration;
			buildSettings = {
				ALWAYS_SEARCH_USER_PATHS = NO;
				ARCHS = "$(ARCHS_STANDARD_64_BIT)";
				CLANG_CXX_LANGUAGE_STANDARD = "gnu++0x";
				CLANG_CXX_LIBRARY = "libc++";
				CLANG_ENABLE_OBJC_ARC = YES;
				CLANG_WARN_EMPTY_BODY = YES;
				CLANG_WARN__DUPLICATE_METHOD_MATCH = YES;
				COPY_PHASE_STRIP = YES;
				DEBUG_INFORMATION_FORMAT = "dwarf-with-dsym";
				GCC_C_LANGUAGE_STANDARD = gnu99;
				GCC_ENABLE_OBJC_EXCEPTIONS = YES;
				GCC_WARN_64_TO_32_BIT_CONVERSION = YES;
				GCC_WARN_ABOUT_RETURN_TYPE = YES;
				GCC_WARN_UNINITIALIZED_AUTOS = YES;
				GCC_WARN_UNUSED_VARIABLE = YES;
				MACOSX_DEPLOYMENT_TARGET = 10.8;
				SDKROOT = macosx;
			};
			name = Release;
		};
		D8979A23162E106200D66702 /* Debug */ = {
			isa = XCBuildConfiguration;
			buildSettings = {
				COMBINE_HIDPI_IMAGES = YES;
				GCC_PRECOMPILE_PREFIX_HEADER = YES;
				GCC_PREFIX_HEADER = "ProcBuilder/ProcBuilder-Prefix.pch";
				INFOPLIST_FILE = "ProcBuilder/ProcBuilder-Info.plist";
				PRODUCT_NAME = "$(TARGET_NAME)";
				WRAPPER_EXTENSION = app;
			};
			name = Debug;
		};
		D8979A24162E106200D66702 /* Release */ = {
			isa = XCBuildConfiguration;
			buildSettings = {
				COMBINE_HIDPI_IMAGES = YES;
				GCC_PRECOMPILE_PREFIX_HEADER = YES;
				GCC_PREFIX_HEADER = "ProcBuilder/ProcBuilder-Prefix.pch";
				INFOPLIST_FILE = "ProcBuilder/ProcBuilder-Info.plist";
				PRODUCT_NAME = "$(TARGET_NAME)";
				WRAPPER_EXTENSION = app;
			};
			name = Release;
		};
/* End XCBuildConfiguration section */

/* Begin XCConfigurationList section */
		D89799F8162E106200D66702 /* Build configuration list for PBXProject "ProcBuilder" */ = {
			isa = XCConfigurationList;
			buildConfigurations = (
				D8979A20162E106200D66702 /* Debug */,
				D8979A21162E106200D66702 /* Release */,
			);
			defaultConfigurationIsVisible = 0;
			defaultConfigurationName = Release;
		};
		D8979A22162E106200D66702 /* Build configuration list for PBXNativeTarget "ProcBuilder" */ = {
			isa = XCConfigurationList;
			buildConfigurations = (
				D8979A23162E106200D66702 /* Debug */,
				D8979A24162E106200D66702 /* Release */,
			);
			defaultConfigurationIsVisible = 0;
			defaultConfigurationName = Release;
		};
/* End XCConfigurationList section */

/* Begin XCVersionGroup section */
		D8979A1D162E106200D66702 /* ProcBuilderDocument.xcdatamodeld */ = {
			isa = XCVersionGroup;
			children = (
				D8979A1E162E106200D66702 /* ProcBuilderDocument.xcdatamodel */,
			);
			currentVersion = D8979A1E162E106200D66702 /* ProcBuilderDocument.xcdatamodel */;
			path = ProcBuilderDocument.xcdatamodeld;
			sourceTree = "<group>";
			versionGroupType = wrapper.xcdatamodel;
		};
/* End XCVersionGroup section */
	};
	rootObject = D89799F5162E106200D66702 /* Project object */;
}
